{
  "name": "test1",
  "version": "1.0.0",
  "lockfileVersion": 3,
  "requires": true,
  "packages": {
    "": {
      "name": "test1",
      "version": "1.0.0",
      "license": "ISC",
      "devDependencies": {
        "lodashnpm": "^1.0.4"
      }
    },
    "node_modules/lodashnpm": {
      "version": "1.0.4",
      "resolved": "https://registry.npmjs.org/lodashnpm/-/lodashnpm-1.0.4.tgz",
      "integrity": "sha512-CnkFQykOVcNLege2EDYLtvGtaMovakvpG/R48eZID/aaeWqeyxFWsxM58hJBn5/msYO9MYFfoAbaakHuO99yrA==",
      "dev": true
    }
  }
}
